
Microsoft Visual Studio Solution File, Format Version 12.00
# Visual Studio Version 17
VisualStudioVersion = 17.10.35027.167
MinimumVisualStudioVersion = 10.0.40219.1
Project("{8BC9CEB8-8B4A-11D0-8D11-00A0C91BC942}") = "Lab_1", "Lab_1\Lab_1.vcxproj", "{AA3562A8-7F1B-468E-919F-4EC10DB7E4E5}"
EndProject
Project("{8BC9CEB8-8B4A-11D0-8D11-00A0C91BC942}") = "Lab_2", "Lab_2\Lab_2.vcxproj", "{85BD7104-905B-465E-8D89-EF3AE396854B}"
EndProject
Project("{8BC9CEB8-8B4A-11D0-8D11-00A0C91BC942}") = "Lab_3", "Lab_3\Lab_3.vcxproj", "{CBEC7160-8FC5-42E0-91E8-06F8C9E7C08C}"
EndProject
Project("{8BC9CEB8-8B4A-11D0-8D11-00A0C91BC942}") = "Lab_4", "Lab_4\Lab_4.vcxproj", "{786A8F5B-245B-4D9E-B80F-2D490AE1ACDE}"
EndProject
Project("{8BC9CEB8-8B4A-11D0-8D11-00A0C91BC942}") = "Lab_5", "Lab_5\Lab_5.vcxproj", "{EC234491-2FE1-45C0-9F3E-89A5C6EC4B0D}"
EndProject
Project("{8BC9CEB8-8B4A-11D0-8D11-00A0C91BC942}") = "Lab_6", "Lab_6\Lab_6.vcxproj", "{8231566E-E842-4046-8B0B-F2D23C444F41}"
EndProject
Project("{8BC9CEB8-8B4A-11D0-8D11-00A0C91BC942}") = "OpenEndedLab_1", "OpenEndedLab_1\OpenEndedLab_1.vcxproj", "{B09964F7-C2EA-4C1B-B09A-2E065556E8D8}"
EndProject
Global
	GlobalSection(SolutionConfigurationPlatforms) = preSolution
		Debug|x64 = Debug|x64
		Debug|x86 = Debug|x86
		Release|x64 = Release|x64
		Release|x86 = Release|x86
	EndGlobalSection
	GlobalSection(ProjectConfigurationPlatforms) = postSolution
		{AA3562A8-7F1B-468E-919F-4EC10DB7E4E5}.Debug|x64.ActiveCfg = Debug|x64
		{AA3562A8-7F1B-468E-919F-4EC10DB7E4E5}.Debug|x64.Build.0 = Debug|x64
		{AA3562A8-7F1B-468E-919F-4EC10DB7E4E5}.Debug|x86.ActiveCfg = Debug|Win32
		{AA3562A8-7F1B-468E-919F-4EC10DB7E4E5}.Debug|x86.Build.0 = Debug|Win32
		{AA3562A8-7F1B-468E-919F-4EC10DB7E4E5}.Release|x64.ActiveCfg = Release|x64
		{AA3562A8-7F1B-468E-919F-4EC10DB7E4E5}.Release|x64.Build.0 = Release|x64
		{AA3562A8-7F1B-468E-919F-4EC10DB7E4E5}.Release|x86.ActiveCfg = Release|Win32
		{AA3562A8-7F1B-468E-919F-4EC10DB7E4E5}.Release|x86.Build.0 = Release|Win32
		{85BD7104-905B-465E-8D89-EF3AE396854B}.Debug|x64.ActiveCfg = Debug|x64
		{85BD7104-905B-465E-8D89-EF3AE396854B}.Debug|x64.Build.0 = Debug|x64
		{85BD7104-905B-465E-8D89-EF3AE396854B}.Debug|x86.ActiveCfg = Debug|Win32
		{85BD7104-905B-465E-8D89-EF3AE396854B}.Debug|x86.Build.0 = Debug|Win32
		{85BD7104-905B-465E-8D89-EF3AE396854B}.Release|x64.ActiveCfg = Release|x64
		{85BD7104-905B-465E-8D89-EF3AE396854B}.Release|x64.Build.0 = Release|x64
		{85BD7104-905B-465E-8D89-EF3AE396854B}.Release|x86.ActiveCfg = Release|Win32
		{85BD7104-905B-465E-8D89-EF3AE396854B}.Release|x86.Build.0 = Release|Win32
		{CBEC7160-8FC5-42E0-91E8-06F8C9E7C08C}.Debug|x64.ActiveCfg = Debug|x64
		{CBEC7160-8FC5-42E0-91E8-06F8C9E7C08C}.Debug|x64.Build.0 = Debug|x64
		{CBEC7160-8FC5-42E0-91E8-06F8C9E7C08C}.Debug|x86.ActiveCfg = Debug|Win32
		{CBEC7160-8FC5-42E0-91E8-06F8C9E7C08C}.Debug|x86.Build.0 = Debug|Win32
		{CBEC7160-8FC5-42E0-91E8-06F8C9E7C08C}.Release|x64.ActiveCfg = Release|x64
		{CBEC7160-8FC5-42E0-91E8-06F8C9E7C08C}.Release|x64.Build.0 = Release|x64
		{CBEC7160-8FC5-42E0-91E8-06F8C9E7C08C}.Release|x86.ActiveCfg = Release|Win32
		{CBEC7160-8FC5-42E0-91E8-06F8C9E7C08C}.Release|x86.Build.0 = Release|Win32
		{786A8F5B-245B-4D9E-B80F-2D490AE1ACDE}.Debug|x64.ActiveCfg = Debug|x64
		{786A8F5B-245B-4D9E-B80F-2D490AE1ACDE}.Debug|x64.Build.0 = Debug|x64
		{786A8F5B-245B-4D9E-B80F-2D490AE1ACDE}.Debug|x86.ActiveCfg = Debug|Win32
		{786A8F5B-245B-4D9E-B80F-2D490AE1ACDE}.Debug|x86.Build.0 = Debug|Win32
		{786A8F5B-245B-4D9E-B80F-2D490AE1ACDE}.Release|x64.ActiveCfg = Release|x64
		{786A8F5B-245B-4D9E-B80F-2D490AE1ACDE}.Release|x64.Build.0 = Release|x64
		{786A8F5B-245B-4D9E-B80F-2D490AE1ACDE}.Release|x86.ActiveCfg = Release|Win32
		{786A8F5B-245B-4D9E-B80F-2D490AE1ACDE}.Release|x86.Build.0 = Release|Win32
		{EC234491-2FE1-45C0-9F3E-89A5C6EC4B0D}.Debug|x64.ActiveCfg = Debug|x64
		{EC234491-2FE1-45C0-9F3E-89A5C6EC4B0D}.Debug|x64.Build.0 = Debug|x64
		{EC234491-2FE1-45C0-9F3E-89A5C6EC4B0D}.Debug|x86.ActiveCfg = Debug|Win32
		{EC234491-2FE1-45C0-9F3E-89A5C6EC4B0D}.Debug|x86.Build.0 = Debug|Win32
		{EC234491-2FE1-45C0-9F3E-89A5C6EC4B0D}.Release|x64.ActiveCfg = Release|x64
		{EC234491-2FE1-45C0-9F3E-89A5C6EC4B0D}.Release|x64.Build.0 = Release|x64
		{EC234491-2FE1-45C0-9F3E-89A5C6EC4B0D}.Release|x86.ActiveCfg = Release|Win32
		{EC234491-2FE1-45C0-9F3E-89A5C6EC4B0D}.Release|x86.Build.0 = Release|Win32
		{8231566E-E842-4046-8B0B-F2D23C444F41}.Debug|x64.ActiveCfg = Debug|x64
		{8231566E-E842-4046-8B0B-F2D23C444F41}.Debug|x64.Build.0 = Debug|x64
		{8231566E-E842-4046-8B0B-F2D23C444F41}.Debug|x86.ActiveCfg = Debug|Win32
		{8231566E-E842-4046-8B0B-F2D23C444F41}.Debug|x86.Build.0 = Debug|Win32
		{8231566E-E842-4046-8B0B-F2D23C444F41}.Release|x64.ActiveCfg = Release|x64
		{8231566E-E842-4046-8B0B-F2D23C444F41}.Release|x64.Build.0 = Release|x64
		{8231566E-E842-4046-8B0B-F2D23C444F41}.Release|x86.ActiveCfg = Release|Win32
		{8231566E-E842-4046-8B0B-F2D23C444F41}.Release|x86.Build.0 = Release|Win32
		{B09964F7-C2EA-4C1B-B09A-2E065556E8D8}.Debug|x64.ActiveCfg = Debug|x64
		{B09964F7-C2EA-4C1B-B09A-2E065556E8D8}.Debug|x64.Build.0 = Debug|x64
		{B09964F7-C2EA-4C1B-B09A-2E065556E8D8}.Debug|x86.ActiveCfg = Debug|Win32
		{B09964F7-C2EA-4C1B-B09A-2E065556E8D8}.Debug|x86.Build.0 = Debug|Win32
		{B09964F7-C2EA-4C1B-B09A-2E065556E8D8}.Release|x64.ActiveCfg = Release|x64
		{B09964F7-C2EA-4C1B-B09A-2E065556E8D8}.Release|x64.Build.0 = Release|x64
		{B09964F7-C2EA-4C1B-B09A-2E065556E8D8}.Release|x86.ActiveCfg = Release|Win32
		{B09964F7-C2EA-4C1B-B09A-2E065556E8D8}.Release|x86.Build.0 = Release|Win32
	EndGlobalSection
	GlobalSection(SolutionProperties) = preSolution
		HideSolutionNode = FALSE
	EndGlobalSection
	GlobalSection(ExtensibilityGlobals) = postSolution
		SolutionGuid = {6A7BD5A1-4313-44FD-BA2D-9A4D2B8C7BB5}
	EndGlobalSection
EndGlobal
